<?xml version="1.0" encoding="utf-8"?>
<Project ToolsVersion="4.0" xmlns="http://schemas.microsoft.com/developer/msbuild/2003">
  <ItemGroup>
    <Filter Include="TrainingFramework\src">
      <UniqueIdentifier>{8a7743df-99d6-42d7-8300-83c77d25c345}</UniqueIdentifier>
    </Filter>
    <Filter Include="TrainingFramework">
      <UniqueIdentifier>{b7c91549-da04-4eee-96da-520fa8f75a57}</UniqueIdentifier>
    </Filter>
    <Filter Include="TrainingFramework\src\GameObject">
      <UniqueIdentifier>{486a991c-381d-4836-b7f7-6a9b4c66f5d8}</UniqueIdentifier>
    </Filter>
    <Filter Include="TrainingFramework\src\GameManager">
      <UniqueIdentifier>{7027cc7e-3941-43d3-9fd3-7009a76c222b}</UniqueIdentifier>
    </Filter>
    <Filter Include="TrainingFramework\src\GameStates">
      <UniqueIdentifier>{2a875364-1a2b-4ea6-a6fe-716988208916}</UniqueIdentifier>
    </Filter>
    <Filter Include="TrainingFramework\include">
      <UniqueIdentifier>{89fa6508-74c3-40ee-b2ab-a5370625f1f4}</UniqueIdentifier>
    </Filter>
    <Filter Include="TrainingFramework\include\Soloud">
      <UniqueIdentifier>{03ec273c-5b37-461e-9040-4177d86b5b4f}</UniqueIdentifier>
    </Filter>
  </ItemGroup>
  <ItemGroup>
    <ClCompile Include="src\Application.cpp">
      <Filter>TrainingFramework\src</Filter>
    </ClCompile>
    <ClCompile Include="src\TrainingFramework.cpp">
      <Filter>TrainingFramework\src</Filter>
    </ClCompile>
    <ClCompile Include="src\GameObject\Sprite2D.cpp">
      <Filter>TrainingFramework\src\GameObject</Filter>
    </ClCompile>
    <ClCompile Include="src\GameObject\Camera.cpp">
      <Filter>TrainingFramework\src\GameObject</Filter>
    </ClCompile>
    <ClCompile Include="src\GameObject\Sprite3D.cpp">
      <Filter>TrainingFramework\src\GameObject</Filter>
    </ClCompile>
    <ClCompile Include="src\GameObject\Models.cpp">
      <Filter>TrainingFramework\src\GameObject</Filter>
    </ClCompile>
    <ClCompile Include="src\GameObject\Shaders.cpp">
      <Filter>TrainingFramework\src\GameObject</Filter>
    </ClCompile>
    <ClCompile Include="src\GameObject\Texture.cpp">
      <Filter>TrainingFramework\src\GameObject</Filter>
    </ClCompile>
    <ClCompile Include="src\GameObject\Text.cpp">
      <Filter>TrainingFramework\src\GameObject</Filter>
    </ClCompile>
    <ClCompile Include="src\GameObject\Font.cpp">
      <Filter>TrainingFramework\src\GameObject</Filter>
    </ClCompile>
    <ClCompile Include="src\GameStates\GameStatebase.cpp">
      <Filter>TrainingFramework\src\GameStates</Filter>
    </ClCompile>
    <ClCompile Include="src\GameStates\GameStateMachine.cpp">
      <Filter>TrainingFramework\src\GameStates</Filter>
    </ClCompile>
    <ClCompile Include="src\GameStates\GSIntro.cpp">
      <Filter>TrainingFramework\src\GameStates</Filter>
    </ClCompile>
    <ClCompile Include="src\GameStates\GSMenu.cpp">
      <Filter>TrainingFramework\src\GameStates</Filter>
    </ClCompile>
    <ClCompile Include="src\GameStates\GSPlay.cpp">
      <Filter>TrainingFramework\src\GameStates</Filter>
    </ClCompile>
    <ClCompile Include="src\GameManager\ResourceManagers.cpp">
      <Filter>TrainingFramework\src\GameManager</Filter>
    </ClCompile>
    <ClCompile Include="src\GameObject\GameButton.cpp">
      <Filter>TrainingFramework\src\GameObject</Filter>
    </ClCompile>
    <ClCompile Include="src\GameObject\SpriteAnimation.cpp">
      <Filter>TrainingFramework\src\GameObject</Filter>
    </ClCompile>
    <ClCompile Include="src\GameStates\GSSetting.cpp">
      <Filter>TrainingFramework\src\GameStates</Filter>
    </ClCompile>
    <ClCompile Include="src\GameStates\GSCredit.cpp">
      <Filter>TrainingFramework\src\GameStates</Filter>
    </ClCompile>
    <ClCompile Include="src\GameObject\Obstacles.cpp">
      <Filter>TrainingFramework\src\GameObject</Filter>
    </ClCompile>
    <ClCompile Include="src\GameObject\Player.cpp">
      <Filter>TrainingFramework\src\GameObject</Filter>
    </ClCompile>
  </ItemGroup>
  <ItemGroup>
    <ClInclude Include="src\Application.h">
      <Filter>TrainingFramework\src</Filter>
    </ClInclude>
    <ClInclude Include="src\GameConfig.h">
      <Filter>TrainingFramework\src</Filter>
    </ClInclude>
    <ClInclude Include="src\GameManager\Singleton.h">
      <Filter>TrainingFramework\src\GameManager</Filter>
    </ClInclude>
    <ClInclude Include="src\GameObject\BaseObject.h">
      <Filter>TrainingFramework\src\GameObject</Filter>
    </ClInclude>
    <ClInclude Include="src\GameObject\Sprite2D.h">
      <Filter>TrainingFramework\src\GameObject</Filter>
    </ClInclude>
    <ClInclude Include="src\GameObject\Camera.h">
      <Filter>TrainingFramework\src\GameObject</Filter>
    </ClInclude>
    <ClInclude Include="src\GameObject\Sprite3D.h">
      <Filter>TrainingFramework\src\GameObject</Filter>
    </ClInclude>
    <ClInclude Include="src\GameObject\Models.h">
      <Filter>TrainingFramework\src\GameObject</Filter>
    </ClInclude>
    <ClInclude Include="src\GameObject\Shaders.h">
      <Filter>TrainingFramework\src\GameObject</Filter>
    </ClInclude>
    <ClInclude Include="src\GameObject\Texture.h">
      <Filter>TrainingFramework\src\GameObject</Filter>
    </ClInclude>
    <ClInclude Include="src\GameObject\Text.h">
      <Filter>TrainingFramework\src\GameObject</Filter>
    </ClInclude>
    <ClInclude Include="src\GameObject\Font.h">
      <Filter>TrainingFramework\src\GameObject</Filter>
    </ClInclude>
    <ClInclude Include="src\GameStates\GameStatebase.h">
      <Filter>TrainingFramework\src\GameStates</Filter>
    </ClInclude>
    <ClInclude Include="src\GameStates\GameStateMachine.h">
      <Filter>TrainingFramework\src\GameStates</Filter>
    </ClInclude>
    <ClInclude Include="src\GameStates\GSIntro.h">
      <Filter>TrainingFramework\src\GameStates</Filter>
    </ClInclude>
    <ClInclude Include="src\GameStates\GSMenu.h">
      <Filter>TrainingFramework\src\GameStates</Filter>
    </ClInclude>
    <ClInclude Include="src\GameStates\GSPlay.h">
      <Filter>TrainingFramework\src\GameStates</Filter>
    </ClInclude>
    <ClInclude Include="src\GameManager\ResourceManagers.h">
      <Filter>TrainingFramework\src\GameManager</Filter>
    </ClInclude>
    <ClInclude Include="src\GameObject\GameButton.h">
      <Filter>TrainingFramework\src\GameObject</Filter>
    </ClInclude>
    <ClInclude Include="src\GameObject\SpriteAnimation.h">
      <Filter>TrainingFramework\src\GameObject</Filter>
    </ClInclude>
    <ClInclude Include="src\GameStates\GSSetting.h">
      <Filter>TrainingFramework\src\GameStates</Filter>
    </ClInclude>
    <ClInclude Include="src\GameStates\GSCredit.h">
      <Filter>TrainingFramework\src\GameStates</Filter>
    </ClInclude>
    <ClInclude Include="src\GameObject\Player.h">
      <Filter>TrainingFramework\src\GameObject</Filter>
    </ClInclude>
    <ClInclude Include="src\GameObject\Obstacles.h">
      <Filter>TrainingFramework\src\GameObject</Filter>
    </ClInclude>
    <ClInclude Include="..\..\soloud20200207\include\soloud.h">
      <Filter>TrainingFramework\include\Soloud</Filter>
    </ClInclude>
    <ClInclude Include="..\..\soloud20200207\include\soloud_audiosource.h">
      <Filter>TrainingFramework\include\Soloud</Filter>
    </ClInclude>
    <ClInclude Include="..\..\soloud20200207\include\soloud_bassboostfilter.h">
      <Filter>TrainingFramework\include\Soloud</Filter>
    </ClInclude>
    <ClInclude Include="..\..\soloud20200207\include\soloud_biquadresonantfilter.h">
      <Filter>TrainingFramework\include\Soloud</Filter>
    </ClInclude>
    <ClInclude Include="..\..\soloud20200207\include\soloud_bus.h">
      <Filter>TrainingFramework\include\Soloud</Filter>
    </ClInclude>
    <ClInclude Include="..\..\soloud20200207\include\soloud_c.h">
      <Filter>TrainingFramework\include\Soloud</Filter>
    </ClInclude>
    <ClInclude Include="..\..\soloud20200207\include\soloud_dcremovalfilter.h">
      <Filter>TrainingFramework\include\Soloud</Filter>
    </ClInclude>
    <ClInclude Include="..\..\soloud20200207\include\soloud_echofilter.h">
      <Filter>TrainingFramework\include\Soloud</Filter>
    </ClInclude>
    <ClInclude Include="..\..\soloud20200207\include\soloud_error.h">
      <Filter>TrainingFramework\include\Soloud</Filter>
    </ClInclude>
    <ClInclude Include="..\..\soloud20200207\include\soloud_fader.h">
      <Filter>TrainingFramework\include\Soloud</Filter>
    </ClInclude>
    <ClInclude Include="..\..\soloud20200207\include\soloud_fft.h">
      <Filter>TrainingFramework\include\Soloud</Filter>
    </ClInclude>
    <ClInclude Include="..\..\soloud20200207\include\soloud_fftfilter.h">
      <Filter>TrainingFramework\include\Soloud</Filter>
    </ClInclude>
    <ClInclude Include="..\..\soloud20200207\include\soloud_file.h">
      <Filter>TrainingFramework\include\Soloud</Filter>
    </ClInclude>
    <ClInclude Include="..\..\soloud20200207\include\soloud_file_hack_off.h">
      <Filter>TrainingFramework\include\Soloud</Filter>
    </ClInclude>
    <ClInclude Include="..\..\soloud20200207\include\soloud_file_hack_on.h">
      <Filter>TrainingFramework\include\Soloud</Filter>
    </ClInclude>
    <ClInclude Include="..\..\soloud20200207\include\soloud_filter.h">
      <Filter>TrainingFramework\include\Soloud</Filter>
    </ClInclude>
    <ClInclude Include="..\..\soloud20200207\include\soloud_flangerfilter.h">
      <Filter>TrainingFramework\include\Soloud</Filter>
    </ClInclude>
    <ClInclude Include="..\..\soloud20200207\include\soloud_freeverbfilter.h">
      <Filter>TrainingFramework\include\Soloud</Filter>
    </ClInclude>
    <ClInclude Include="..\..\soloud20200207\include\soloud_internal.h">
      <Filter>TrainingFramework\include\Soloud</Filter>
    </ClInclude>
    <ClInclude Include="..\..\soloud20200207\include\soloud_lofifilter.h">
      <Filter>TrainingFramework\include\Soloud</Filter>
    </ClInclude>
    <ClInclude Include="..\..\soloud20200207\include\soloud_misc.h">
      <Filter>TrainingFramework\include\Soloud</Filter>
    </ClInclude>
    <ClInclude Include="..\..\soloud20200207\include\soloud_monotone.h">
      <Filter>TrainingFramework\include\Soloud</Filter>
    </ClInclude>
    <ClInclude Include="..\..\soloud20200207\include\soloud_noise.h">
      <Filter>TrainingFramework\include\Soloud</Filter>
    </ClInclude>
    <ClInclude Include="..\..\soloud20200207\include\soloud_openmpt.h">
      <Filter>TrainingFramework\include\Soloud</Filter>
    </ClInclude>
    <ClInclude Include="..\..\soloud20200207\include\soloud_queue.h">
      <Filter>TrainingFramework\include\Soloud</Filter>
    </ClInclude>
    <ClInclude Include="..\..\soloud20200207\include\soloud_robotizefilter.h">
      <Filter>TrainingFramework\include\Soloud</Filter>
    </ClInclude>
    <ClInclude Include="..\..\soloud20200207\include\soloud_sfxr.h">
      <Filter>TrainingFramework\include\Soloud</Filter>
    </ClInclude>
    <ClInclude Include="..\..\soloud20200207\include\soloud_speech.h">
      <Filter>TrainingFramework\include\Soloud</Filter>
    </ClInclude>
    <ClInclude Include="..\..\soloud20200207\include\soloud_tedsid.h">
      <Filter>TrainingFramework\include\Soloud</Filter>
    </ClInclude>
    <ClInclude Include="..\..\soloud20200207\include\soloud_thread.h">
      <Filter>TrainingFramework\include\Soloud</Filter>
    </ClInclude>
    <ClInclude Include="..\..\soloud20200207\include\soloud_vic.h">
      <Filter>TrainingFramework\include\Soloud</Filter>
    </ClInclude>
    <ClInclude Include="..\..\soloud20200207\include\soloud_vizsn.h">
      <Filter>TrainingFramework\include\Soloud</Filter>
    </ClInclude>
    <ClInclude Include="..\..\soloud20200207\include\soloud_wav.h">
      <Filter>TrainingFramework\include\Soloud</Filter>
    </ClInclude>
    <ClInclude Include="..\..\soloud20200207\include\soloud_waveshaperfilter.h">
      <Filter>TrainingFramework\include\Soloud</Filter>
    </ClInclude>
    <ClInclude Include="..\..\soloud20200207\include\soloud_wavstream.h">
      <Filter>TrainingFramework\include\Soloud</Filter>
    </ClInclude>
  </ItemGroup>
  <ItemGroup>
    <None Include="ClassDiagram.cd" />
  </ItemGroup>
</Project>